("quicklisp" .
 (:class qlot/source/dist:source-dist
  :initargs (:distribution "http://beta.quicklisp.org/dist/quicklisp.txt" :%version :latest)
  :version "2023-02-15"))
("clog" .
 (:class qlot/source/git:source-git
  :initargs (:remote-url "https://github.com/rabbibotton/clog")
  :version "git-04d6df5d0b736f968cb0b838b38a8a517569d2f8"))
("clog-ace" .
 (:class qlot/source/git:source-git
  :initargs (:remote-url "https://github.com/rabbibotton/clog-ace")
  :version "git-dfee692cc0c43ef50a498df3bfecbf6f89ba42b1"))
("clog-terminal" .
 (:class qlot/source/git:source-git
  :initargs (:remote-url "https://github.com/rabbibotton/clog-terminal")
  :version "git-b152edaa54b23f8cf34f00c37d23b8531ca78ee5"))
("clcm" .
 (:class qlot/source/git:source-git
  :initargs (:remote-url "https://github.com/myaosato/clcm")
  :version "git-44713443502560443bf74fd888899b41d34e9859"))
("cl-debug-print" .
 (:class qlot/source/ql:source-ql
  :initargs (:%version :latest)
  :version "ql-2023-02-15"))
